
Microsoft Visual Studio Solution File, Format Version 12.00
# Visual Studio Version 16
VisualStudioVersion = 16.0.29306.81
MinimumVisualStudioVersion = 10.0.40219.1
Project("{8BC9CEB8-8B4A-11D0-8D11-00A0C91BC942}") = "ycapture", "ycapture\ycapture.vcxproj", "{3D0A9889-9EC1-4012-9382-4FE1EB610D17}"
EndProject
Project("{8BC9CEB8-8B4A-11D0-8D11-00A0C91BC942}") = "ycaptureclient", "ycaptureclient\ycaptureclient.vcxproj", "{FAF1F7C3-E103-45DC-975C-A10067B9DF02}"
EndProject
Project("{8BC9CEB8-8B4A-11D0-8D11-00A0C91BC942}") = "WithOpenCV", "WithOpenCV\WithOpenCV.vcxproj", "{78E755D5-79B0-4D7E-9B41-2CE34FDFFE71}"
EndProject
Project("{888888A0-9F3D-457C-B088-3A5042F75D52}") = "backendFlow", "..\..\backendFlow\backendFlow.pyproj", "{148153D5-6EA7-464B-8828-DA7C77C8C14F}"
EndProject
Global
	GlobalSection(SolutionConfigurationPlatforms) = preSolution
		Debug|Any CPU = Debug|Any CPU
		Debug|Win32 = Debug|Win32
		Debug|x64 = Debug|x64
		Release|Any CPU = Release|Any CPU
		Release|Win32 = Release|Win32
		Release|x64 = Release|x64
	EndGlobalSection
	GlobalSection(ProjectConfigurationPlatforms) = postSolution
		{3D0A9889-9EC1-4012-9382-4FE1EB610D17}.Debug|Any CPU.ActiveCfg = Debug|Win32
		{3D0A9889-9EC1-4012-9382-4FE1EB610D17}.Debug|Win32.ActiveCfg = Debug|Win32
		{3D0A9889-9EC1-4012-9382-4FE1EB610D17}.Debug|Win32.Build.0 = Debug|Win32
		{3D0A9889-9EC1-4012-9382-4FE1EB610D17}.Debug|x64.ActiveCfg = Debug|x64
		{3D0A9889-9EC1-4012-9382-4FE1EB610D17}.Debug|x64.Build.0 = Debug|x64
		{3D0A9889-9EC1-4012-9382-4FE1EB610D17}.Release|Any CPU.ActiveCfg = Release|Win32
		{3D0A9889-9EC1-4012-9382-4FE1EB610D17}.Release|Win32.ActiveCfg = Release|Win32
		{3D0A9889-9EC1-4012-9382-4FE1EB610D17}.Release|Win32.Build.0 = Release|Win32
		{3D0A9889-9EC1-4012-9382-4FE1EB610D17}.Release|x64.ActiveCfg = Release|x64
		{3D0A9889-9EC1-4012-9382-4FE1EB610D17}.Release|x64.Build.0 = Release|x64
		{FAF1F7C3-E103-45DC-975C-A10067B9DF02}.Debug|Any CPU.ActiveCfg = Debug|Win32
		{FAF1F7C3-E103-45DC-975C-A10067B9DF02}.Debug|Win32.ActiveCfg = Debug|Win32
		{FAF1F7C3-E103-45DC-975C-A10067B9DF02}.Debug|Win32.Build.0 = Debug|Win32
		{FAF1F7C3-E103-45DC-975C-A10067B9DF02}.Debug|x64.ActiveCfg = Debug|x64
		{FAF1F7C3-E103-45DC-975C-A10067B9DF02}.Debug|x64.Build.0 = Debug|x64
		{FAF1F7C3-E103-45DC-975C-A10067B9DF02}.Release|Any CPU.ActiveCfg = Release|Win32
		{FAF1F7C3-E103-45DC-975C-A10067B9DF02}.Release|Win32.ActiveCfg = Release|Win32
		{FAF1F7C3-E103-45DC-975C-A10067B9DF02}.Release|Win32.Build.0 = Release|Win32
		{FAF1F7C3-E103-45DC-975C-A10067B9DF02}.Release|x64.ActiveCfg = Release|x64
		{FAF1F7C3-E103-45DC-975C-A10067B9DF02}.Release|x64.Build.0 = Release|x64
		{78E755D5-79B0-4D7E-9B41-2CE34FDFFE71}.Debug|Any CPU.ActiveCfg = Debug|Win32
		{78E755D5-79B0-4D7E-9B41-2CE34FDFFE71}.Debug|Win32.ActiveCfg = Debug|Win32
		{78E755D5-79B0-4D7E-9B41-2CE34FDFFE71}.Debug|Win32.Build.0 = Debug|Win32
		{78E755D5-79B0-4D7E-9B41-2CE34FDFFE71}.Debug|x64.ActiveCfg = Debug|x64
		{78E755D5-79B0-4D7E-9B41-2CE34FDFFE71}.Debug|x64.Build.0 = Debug|x64
		{78E755D5-79B0-4D7E-9B41-2CE34FDFFE71}.Release|Any CPU.ActiveCfg = Release|Win32
		{78E755D5-79B0-4D7E-9B41-2CE34FDFFE71}.Release|Win32.ActiveCfg = Release|Win32
		{78E755D5-79B0-4D7E-9B41-2CE34FDFFE71}.Release|Win32.Build.0 = Release|Win32
		{78E755D5-79B0-4D7E-9B41-2CE34FDFFE71}.Release|x64.ActiveCfg = Release|x64
		{78E755D5-79B0-4D7E-9B41-2CE34FDFFE71}.Release|x64.Build.0 = Release|x64
		{148153D5-6EA7-464B-8828-DA7C77C8C14F}.Debug|Any CPU.ActiveCfg = Debug|Any CPU
		{148153D5-6EA7-464B-8828-DA7C77C8C14F}.Debug|Win32.ActiveCfg = Debug|Any CPU
		{148153D5-6EA7-464B-8828-DA7C77C8C14F}.Debug|x64.ActiveCfg = Debug|Any CPU
		{148153D5-6EA7-464B-8828-DA7C77C8C14F}.Release|Any CPU.ActiveCfg = Release|Any CPU
		{148153D5-6EA7-464B-8828-DA7C77C8C14F}.Release|Win32.ActiveCfg = Release|Any CPU
		{148153D5-6EA7-464B-8828-DA7C77C8C14F}.Release|x64.ActiveCfg = Release|Any CPU
	EndGlobalSection
	GlobalSection(SolutionProperties) = preSolution
		HideSolutionNode = FALSE
	EndGlobalSection
	GlobalSection(ExtensibilityGlobals) = postSolution
		SolutionGuid = {7CE41946-B049-4062-83BC-1F2B215691C6}
	EndGlobalSection
EndGlobal
